
Microsoft Visual Studio Solution File, Format Version 12.00
# Visual Studio Version 16
VisualStudioVersion = 16.0.30804.86
MinimumVisualStudioVersion = 10.0.40219.1
Project("{9A19103F-16F7-4668-BE54-9A1E7A4F7556}") = "Kampİntro", "Kampİntro\Kampİntro.csproj", "{EDDC03F6-DCD4-491E-9895-B119FF641E99}"
EndProject
Project("{9A19103F-16F7-4668-BE54-9A1E7A4F7556}") = "Donguler", "Donguler\Donguler.csproj", "{82A99D77-5E75-4688-8D8A-2D1CDD31A04D}"
EndProject
Project("{9A19103F-16F7-4668-BE54-9A1E7A4F7556}") = "Classİntro", "Classİntro\Classİntro.csproj", "{1E04CD7E-9EDF-4F70-80A5-17AD8FA973B5}"
EndProject
Project("{9A19103F-16F7-4668-BE54-9A1E7A4F7556}") = "Metotlar", "Metotlar\Metotlar.csproj", "{3E371FD4-DBEA-4DD1-BB04-6DF598B19AA2}"
EndProject
Project("{9A19103F-16F7-4668-BE54-9A1E7A4F7556}") = "Matematik", "Matematik\Matematik.csproj", "{57655642-EAF7-43F2-B006-FECF8FBC513D}"
EndProject
Project("{9A19103F-16F7-4668-BE54-9A1E7A4F7556}") = "DegerlerVeReferansTipler", "DegerlerVeReferansTipler\DegerlerVeReferansTipler.csproj", "{0FA83F73-8222-470D-94F9-A9EC2D5AD311}"
EndProject
Project("{9A19103F-16F7-4668-BE54-9A1E7A4F7556}") = "TernanyOdev", "TernanyOdev\TernanyOdev.csproj", "{472A09ED-2320-4B4B-856B-A1F242CE71A5}"
EndProject
Project("{9A19103F-16F7-4668-BE54-9A1E7A4F7556}") = "SwitchCaseArastirmaOdev", "SwitchCaseArastirmaOdev\SwitchCaseArastirmaOdev.csproj", "{F2904006-A768-40CD-830F-E1AD551D30BF}"
EndProject
Project("{FAE04EC0-301F-11D3-BF4B-00C04F79EFBC}") = "ClassMetotDemo", "ClassMetotDemo\ClassMetotDemo.csproj", "{B5DFBA5D-DEFD-4DF6-B024-116EEE4C90BE}"
EndProject
Project("{FAE04EC0-301F-11D3-BF4B-00C04F79EFBC}") = "OOP1", "OOP1\OOP1.csproj", "{06B38FA9-1A9F-4A92-A0DE-A0379F6CC86A}"
EndProject
Project("{FAE04EC0-301F-11D3-BF4B-00C04F79EFBC}") = "Collections", "Collections\Collections.csproj", "{7D63EF63-EDF1-404E-A998-D22AA4C2F236}"
EndProject
Project("{FAE04EC0-301F-11D3-BF4B-00C04F79EFBC}") = "GenericsIntro", "GenericsIntro\GenericsIntro.csproj", "{1201DB00-A9C3-4887-BFBA-B98A83584AC4}"
EndProject
Global
	GlobalSection(SolutionConfigurationPlatforms) = preSolution
		Debug|Any CPU = Debug|Any CPU
		Release|Any CPU = Release|Any CPU
	EndGlobalSection
	GlobalSection(ProjectConfigurationPlatforms) = postSolution
		{EDDC03F6-DCD4-491E-9895-B119FF641E99}.Debug|Any CPU.ActiveCfg = Debug|Any CPU
		{EDDC03F6-DCD4-491E-9895-B119FF641E99}.Debug|Any CPU.Build.0 = Debug|Any CPU
		{EDDC03F6-DCD4-491E-9895-B119FF641E99}.Release|Any CPU.ActiveCfg = Release|Any CPU
		{EDDC03F6-DCD4-491E-9895-B119FF641E99}.Release|Any CPU.Build.0 = Release|Any CPU
		{82A99D77-5E75-4688-8D8A-2D1CDD31A04D}.Debug|Any CPU.ActiveCfg = Debug|Any CPU
		{82A99D77-5E75-4688-8D8A-2D1CDD31A04D}.Debug|Any CPU.Build.0 = Debug|Any CPU
		{82A99D77-5E75-4688-8D8A-2D1CDD31A04D}.Release|Any CPU.ActiveCfg = Release|Any CPU
		{82A99D77-5E75-4688-8D8A-2D1CDD31A04D}.Release|Any CPU.Build.0 = Release|Any CPU
		{1E04CD7E-9EDF-4F70-80A5-17AD8FA973B5}.Debug|Any CPU.ActiveCfg = Debug|Any CPU
		{1E04CD7E-9EDF-4F70-80A5-17AD8FA973B5}.Debug|Any CPU.Build.0 = Debug|Any CPU
		{1E04CD7E-9EDF-4F70-80A5-17AD8FA973B5}.Release|Any CPU.ActiveCfg = Release|Any CPU
		{1E04CD7E-9EDF-4F70-80A5-17AD8FA973B5}.Release|Any CPU.Build.0 = Release|Any CPU
		{3E371FD4-DBEA-4DD1-BB04-6DF598B19AA2}.Debug|Any CPU.ActiveCfg = Debug|Any CPU
		{3E371FD4-DBEA-4DD1-BB04-6DF598B19AA2}.Debug|Any CPU.Build.0 = Debug|Any CPU
		{3E371FD4-DBEA-4DD1-BB04-6DF598B19AA2}.Release|Any CPU.ActiveCfg = Release|Any CPU
		{3E371FD4-DBEA-4DD1-BB04-6DF598B19AA2}.Release|Any CPU.Build.0 = Release|Any CPU
		{57655642-EAF7-43F2-B006-FECF8FBC513D}.Debug|Any CPU.ActiveCfg = Debug|Any CPU
		{57655642-EAF7-43F2-B006-FECF8FBC513D}.Debug|Any CPU.Build.0 = Debug|Any CPU
		{57655642-EAF7-43F2-B006-FECF8FBC513D}.Release|Any CPU.ActiveCfg = Release|Any CPU
		{57655642-EAF7-43F2-B006-FECF8FBC513D}.Release|Any CPU.Build.0 = Release|Any CPU
		{0FA83F73-8222-470D-94F9-A9EC2D5AD311}.Debug|Any CPU.ActiveCfg = Debug|Any CPU
		{0FA83F73-8222-470D-94F9-A9EC2D5AD311}.Debug|Any CPU.Build.0 = Debug|Any CPU
		{0FA83F73-8222-470D-94F9-A9EC2D5AD311}.Release|Any CPU.ActiveCfg = Release|Any CPU
		{0FA83F73-8222-470D-94F9-A9EC2D5AD311}.Release|Any CPU.Build.0 = Release|Any CPU
		{472A09ED-2320-4B4B-856B-A1F242CE71A5}.Debug|Any CPU.ActiveCfg = Debug|Any CPU
		{472A09ED-2320-4B4B-856B-A1F242CE71A5}.Debug|Any CPU.Build.0 = Debug|Any CPU
		{472A09ED-2320-4B4B-856B-A1F242CE71A5}.Release|Any CPU.ActiveCfg = Release|Any CPU
		{472A09ED-2320-4B4B-856B-A1F242CE71A5}.Release|Any CPU.Build.0 = Release|Any CPU
		{F2904006-A768-40CD-830F-E1AD551D30BF}.Debug|Any CPU.ActiveCfg = Debug|Any CPU
		{F2904006-A768-40CD-830F-E1AD551D30BF}.Debug|Any CPU.Build.0 = Debug|Any CPU
		{F2904006-A768-40CD-830F-E1AD551D30BF}.Release|Any CPU.ActiveCfg = Release|Any CPU
		{F2904006-A768-40CD-830F-E1AD551D30BF}.Release|Any CPU.Build.0 = Release|Any CPU
		{B5DFBA5D-DEFD-4DF6-B024-116EEE4C90BE}.Debug|Any CPU.ActiveCfg = Debug|Any CPU
		{B5DFBA5D-DEFD-4DF6-B024-116EEE4C90BE}.Debug|Any CPU.Build.0 = Debug|Any CPU
		{B5DFBA5D-DEFD-4DF6-B024-116EEE4C90BE}.Release|Any CPU.ActiveCfg = Release|Any CPU
		{B5DFBA5D-DEFD-4DF6-B024-116EEE4C90BE}.Release|Any CPU.Build.0 = Release|Any CPU
		{06B38FA9-1A9F-4A92-A0DE-A0379F6CC86A}.Debug|Any CPU.ActiveCfg = Debug|Any CPU
		{06B38FA9-1A9F-4A92-A0DE-A0379F6CC86A}.Debug|Any CPU.Build.0 = Debug|Any CPU
		{06B38FA9-1A9F-4A92-A0DE-A0379F6CC86A}.Release|Any CPU.ActiveCfg = Release|Any CPU
		{06B38FA9-1A9F-4A92-A0DE-A0379F6CC86A}.Release|Any CPU.Build.0 = Release|Any CPU
		{7D63EF63-EDF1-404E-A998-D22AA4C2F236}.Debug|Any CPU.ActiveCfg = Debug|Any CPU
		{7D63EF63-EDF1-404E-A998-D22AA4C2F236}.Debug|Any CPU.Build.0 = Debug|Any CPU
		{7D63EF63-EDF1-404E-A998-D22AA4C2F236}.Release|Any CPU.ActiveCfg = Release|Any CPU
		{7D63EF63-EDF1-404E-A998-D22AA4C2F236}.Release|Any CPU.Build.0 = Release|Any CPU
		{1201DB00-A9C3-4887-BFBA-B98A83584AC4}.Debug|Any CPU.ActiveCfg = Debug|Any CPU
		{1201DB00-A9C3-4887-BFBA-B98A83584AC4}.Debug|Any CPU.Build.0 = Debug|Any CPU
		{1201DB00-A9C3-4887-BFBA-B98A83584AC4}.Release|Any CPU.ActiveCfg = Release|Any CPU
		{1201DB00-A9C3-4887-BFBA-B98A83584AC4}.Release|Any CPU.Build.0 = Release|Any CPU
	EndGlobalSection
	GlobalSection(SolutionProperties) = preSolution
		HideSolutionNode = FALSE
	EndGlobalSection
	GlobalSection(ExtensibilityGlobals) = postSolution
		SolutionGuid = {B5C96542-7F9C-4BAC-8C27-F6C0BCE433E6}
	EndGlobalSection
EndGlobal
